
Microsoft Visual Studio Solution File, Format Version 12.00
# Visual Studio Version 17
VisualStudioVersion = 17.2.32519.379
MinimumVisualStudioVersion = 10.0.40219.1
Project("{FAE04EC0-301F-11D3-BF4B-00C04F79EFBC}") = "crownAndAnchorGame", "crownAndAnchorGame\crownAndAnchorGame.csproj", "{F5863F33-1F91-4D0E-8428-9EA18130CF04}"
EndProject
Global
	GlobalSection(SolutionConfigurationPlatforms) = preSolution
		Debug|Any CPU = Debug|Any CPU
		Release|Any CPU = Release|Any CPU
	EndGlobalSection
	GlobalSection(ProjectConfigurationPlatforms) = postSolution
		{F5863F33-1F91-4D0E-8428-9EA18130CF04}.Debug|Any CPU.ActiveCfg = Debug|Any CPU
		{F5863F33-1F91-4D0E-8428-9EA18130CF04}.Debug|Any CPU.Build.0 = Debug|Any CPU
		{F5863F33-1F91-4D0E-8428-9EA18130CF04}.Release|Any CPU.ActiveCfg = Release|Any CPU
		{F5863F33-1F91-4D0E-8428-9EA18130CF04}.Release|Any CPU.Build.0 = Release|Any CPU
	EndGlobalSection
	GlobalSection(SolutionProperties) = preSolution
		HideSolutionNode = FALSE
	EndGlobalSection
	GlobalSection(ExtensibilityGlobals) = postSolution
		SolutionGuid = {579A63A1-3D13-4A1D-9D24-8CBC0E7C7A4C}
	EndGlobalSection
EndGlobal
